// !$*UTF8*$!
{
	archiveVersion = 1;
	classes = {
	};
	objectVersion = 46;
	objects = {

/* Begin PBXBuildFile section */
		848FEA5B7375D12B315735F1 /* Pods_Example.framework in Frameworks */ = {isa = PBXBuildFile; fileRef = 50B57F4C400A05682BFC99D5 /* Pods_Example.framework */; };
		8B7433011CD73AF4004A297A /* AppDelegate.swift in Sources */ = {isa = PBXBuildFile; fileRef = 8B7433001CD73AF4004A297A /* AppDelegate.swift */; };
		8B7433031CD73AF4004A297A /* ViewController.swift in Sources */ = {isa = PBXBuildFile; fileRef = 8B7433021CD73AF4004A297A /* ViewController.swift */; };
		8B7433061CD73AF4004A297A /* Main.storyboard in Resources */ = {isa = PBXBuildFile; fileRef = 8B7433041CD73AF4004A297A /* Main.storyboard */; };
		8B7433081CD73AF4004A297A /* Assets.xcassets in Resources */ = {isa = PBXBuildFile; fileRef = 8B7433071CD73AF4004A297A /* Assets.xcassets */; };
		8B74330B1CD73AF4004A297A /* LaunchScreen.storyboard in Resources */ = {isa = PBXBuildFile; fileRef = 8B7433091CD73AF4004A297A /* LaunchScreen.storyboard */; };
		8B910B591CF275F700033655 /* LICENSE in Resources */ = {isa = PBXBuildFile; fileRef = 8B910B561CF275F700033655 /* LICENSE */; };
		8B910B5A1CF275F700033655 /* NumPad.podspec in Resources */ = {isa = PBXBuildFile; fileRef = 8B910B571CF275F700033655 /* NumPad.podspec */; };
		8BFE11AC1CF2748D005A8251 /* Tests.swift in Sources */ = {isa = PBXBuildFile; fileRef = 8BFE11AB1CF2748D005A8251 /* Tests.swift */; };
		8BFFB3F81CF6D69C00364587 /* README.md in Sources */ = {isa = PBXBuildFile; fileRef = 8BFFB3F71CF6D69C00364587 /* README.md */; };
		F7996B719886B4972E02F456 /* Pods_Tests.framework in Frameworks */ = {isa = PBXBuildFile; fileRef = A0A95EEC18B8281EFEADFCA8 /* Pods_Tests.framework */; };
/* End PBXBuildFile section */

/* Begin PBXContainerItemProxy section */
		8BFE11AE1CF2748D005A8251 /* PBXContainerItemProxy */ = {
			isa = PBXContainerItemProxy;
			containerPortal = 8B7432F51CD73AF4004A297A /* Project object */;
			proxyType = 1;
			remoteGlobalIDString = 8B7432FC1CD73AF4004A297A;
			remoteInfo = Example;
		};
/* End PBXContainerItemProxy section */

/* Begin PBXFileReference section */
		31D25BD3346F359E8B0C12CA /* Pods-Example.debug.xcconfig */ = {isa = PBXFileReference; includeInIndex = 1; lastKnownFileType = text.xcconfig; name = "Pods-Example.debug.xcconfig"; path = "Pods/Target Support Files/Pods-Example/Pods-Example.debug.xcconfig"; sourceTree = "<group>"; };
		320DA15B0EAA6AF3933A565D /* Pods-Example.release.xcconfig */ = {isa = PBXFileReference; includeInIndex = 1; lastKnownFileType = text.xcconfig; name = "Pods-Example.release.xcconfig"; path = "Pods/Target Support Files/Pods-Example/Pods-Example.release.xcconfig"; sourceTree = "<group>"; };
		50B57F4C400A05682BFC99D5 /* Pods_Example.framework */ = {isa = PBXFileReference; explicitFileType = wrapper.framework; includeInIndex = 0; path = Pods_Example.framework; sourceTree = BUILT_PRODUCTS_DIR; };
		599193BBBA39BB89265EE4D7 /* Pods-Tests.debug.xcconfig */ = {isa = PBXFileReference; includeInIndex = 1; lastKnownFileType = text.xcconfig; name = "Pods-Tests.debug.xcconfig"; path = "Pods/Target Support Files/Pods-Tests/Pods-Tests.debug.xcconfig"; sourceTree = "<group>"; };
		8B7432FD1CD73AF4004A297A /* Example.app */ = {isa = PBXFileReference; explicitFileType = wrapper.application; includeInIndex = 0; path = Example.app; sourceTree = BUILT_PRODUCTS_DIR; };
		8B7433001CD73AF4004A297A /* AppDelegate.swift */ = {isa = PBXFileReference; lastKnownFileType = sourcecode.swift; path = AppDelegate.swift; sourceTree = "<group>"; };
		8B7433021CD73AF4004A297A /* ViewController.swift */ = {isa = PBXFileReference; lastKnownFileType = sourcecode.swift; path = ViewController.swift; sourceTree = "<group>"; };
		8B7433051CD73AF4004A297A /* Base */ = {isa = PBXFileReference; lastKnownFileType = file.storyboard; name = Base; path = Base.lproj/Main.storyboard; sourceTree = "<group>"; };
		8B7433071CD73AF4004A297A /* Assets.xcassets */ = {isa = PBXFileReference; lastKnownFileType = folder.assetcatalog; path = Assets.xcassets; sourceTree = "<group>"; };
		8B74330A1CD73AF4004A297A /* Base */ = {isa = PBXFileReference; lastKnownFileType = file.storyboard; name = Base; path = Base.lproj/LaunchScreen.storyboard; sourceTree = "<group>"; };
		8B74330C1CD73AF4004A297A /* Info.plist */ = {isa = PBXFileReference; lastKnownFileType = text.plist.xml; path = Info.plist; sourceTree = "<group>"; };
		8B910B561CF275F700033655 /* LICENSE */ = {isa = PBXFileReference; fileEncoding = 4; lastKnownFileType = text; name = LICENSE; path = ../LICENSE; sourceTree = "<group>"; };
		8B910B571CF275F700033655 /* NumPad.podspec */ = {isa = PBXFileReference; explicitFileType = text.script.ruby; fileEncoding = 4; name = NumPad.podspec; path = ../NumPad.podspec; sourceTree = "<group>"; };
		8BFE11A91CF2748D005A8251 /* Tests.xctest */ = {isa = PBXFileReference; explicitFileType = wrapper.cfbundle; includeInIndex = 0; path = Tests.xctest; sourceTree = BUILT_PRODUCTS_DIR; };
		8BFE11AB1CF2748D005A8251 /* Tests.swift */ = {isa = PBXFileReference; lastKnownFileType = sourcecode.swift; path = Tests.swift; sourceTree = "<group>"; };
		8BFE11AD1CF2748D005A8251 /* Info.plist */ = {isa = PBXFileReference; lastKnownFileType = text.plist.xml; path = Info.plist; sourceTree = "<group>"; };
		8BFFB3F71CF6D69C00364587 /* README.md */ = {isa = PBXFileReference; fileEncoding = 4; lastKnownFileType = net.daringfireball.markdown; name = README.md; path = ../README.md; sourceTree = "<group>"; };
		95DA9F27BD494D47FF4FA10F /* Pods-Tests.release.xcconfig */ = {isa = PBXFileReference; includeInIndex = 1; lastKnownFileType = text.xcconfig; name = "Pods-Tests.release.xcconfig"; path = "Pods/Target Support Files/Pods-Tests/Pods-Tests.release.xcconfig"; sourceTree = "<group>"; };
		A0A95EEC18B8281EFEADFCA8 /* Pods_Tests.framework */ = {isa = PBXFileReference; explicitFileType = wrapper.framework; includeInIndex = 0; path = Pods_Tests.framework; sourceTree = BUILT_PRODUCTS_DIR; };
/* End PBXFileReference section */

/* Begin PBXFrameworksBuildPhase section */
		8B7432FA1CD73AF4004A297A /* Frameworks */ = {
			isa = PBXFrameworksBuildPhase;
			buildActionMask = 2147483647;
			files = (
				848FEA5B7375D12B315735F1 /* Pods_Example.framework in Frameworks */,
			);
			runOnlyForDeploymentPostprocessing = 0;
		};
		8BFE11A61CF2748D005A8251 /* Frameworks */ = {
			isa = PBXFrameworksBuildPhase;
			buildActionMask = 2147483647;
			files = (
				F7996B719886B4972E02F456 /* Pods_Tests.framework in Frameworks */,
			);
			runOnlyForDeploymentPostprocessing = 0;
		};
/* End PBXFrameworksBuildPhase section */

/* Begin PBXGroup section */
		30CAA4C056A326B44EDA653C /* Frameworks */ = {
			isa = PBXGroup;
			children = (
				50B57F4C400A05682BFC99D5 /* Pods_Example.framework */,
				A0A95EEC18B8281EFEADFCA8 /* Pods_Tests.framework */,
			);
			name = Frameworks;
			sourceTree = "<group>";
		};
		8B7432F41CD73AF4004A297A = {
			isa = PBXGroup;
			children = (
				8B910B551CF275A900033655 /* Podspec Metadata */,
				8B7432FF1CD73AF4004A297A /* Example */,
				8BFE11AA1CF2748D005A8251 /* Tests */,
				8B7432FE1CD73AF4004A297A /* Products */,
				8D4C4D16DDEB127F65C6BF00 /* Pods */,
				30CAA4C056A326B44EDA653C /* Frameworks */,
			);
			sourceTree = "<group>";
		};
		8B7432FE1CD73AF4004A297A /* Products */ = {
			isa = PBXGroup;
			children = (
				8B7432FD1CD73AF4004A297A /* Example.app */,
				8BFE11A91CF2748D005A8251 /* Tests.xctest */,
			);
			name = Products;
			sourceTree = "<group>";
		};
		8B7432FF1CD73AF4004A297A /* Example */ = {
			isa = PBXGroup;
			children = (
				8B7433001CD73AF4004A297A /* AppDelegate.swift */,
				8B7433021CD73AF4004A297A /* ViewController.swift */,
				8B7433041CD73AF4004A297A /* Main.storyboard */,
				8B7433071CD73AF4004A297A /* Assets.xcassets */,
				8B7433091CD73AF4004A297A /* LaunchScreen.storyboard */,
				8B74330C1CD73AF4004A297A /* Info.plist */,
			);
			path = Example;
			sourceTree = "<group>";
		};
		8B910B551CF275A900033655 /* Podspec Metadata */ = {
			isa = PBXGroup;
			children = (
				8B910B561CF275F700033655 /* LICENSE */,
				8B910B571CF275F700033655 /* NumPad.podspec */,
				8BFFB3F71CF6D69C00364587 /* README.md */,
			);
			name = "Podspec Metadata";
			sourceTree = "<group>";
		};
		8BFE11AA1CF2748D005A8251 /* Tests */ = {
			isa = PBXGroup;
			children = (
				8BFE11AB1CF2748D005A8251 /* Tests.swift */,
				8BFE11AD1CF2748D005A8251 /* Info.plist */,
			);
			path = Tests;
			sourceTree = "<group>";
		};
		8D4C4D16DDEB127F65C6BF00 /* Pods */ = {
			isa = PBXGroup;
			children = (
				31D25BD3346F359E8B0C12CA /* Pods-Example.debug.xcconfig */,
				320DA15B0EAA6AF3933A565D /* Pods-Example.release.xcconfig */,
				599193BBBA39BB89265EE4D7 /* Pods-Tests.debug.xcconfig */,
				95DA9F27BD494D47FF4FA10F /* Pods-Tests.release.xcconfig */,
			);
			name = Pods;
			sourceTree = "<group>";
		};
/* End PBXGroup section */

/* Begin PBXNativeTarget section */
		8B7432FC1CD73AF4004A297A /* Example */ = {
			isa = PBXNativeTarget;
			buildConfigurationList = 8B74330F1CD73AF4004A297A /* Build configuration list for PBXNativeTarget "Example" */;
			buildPhases = (
				489E4FAB2B978E2341E7C106 /* 📦 Check Pods Manifest.lock */,
				8B7432F91CD73AF4004A297A /* Sources */,
				8B7432FA1CD73AF4004A297A /* Frameworks */,
				8B7432FB1CD73AF4004A297A /* Resources */,
				E58E67B269B6912D5E6DA963 /* 📦 Embed Pods Frameworks */,
				53C3F4E10FA78C54AAE8A117 /* 📦 Copy Pods Resources */,
			);
			buildRules = (
			);
			dependencies = (
			);
			name = Example;
			productName = Example;
			productReference = 8B7432FD1CD73AF4004A297A /* Example.app */;
			productType = "com.apple.product-type.application";
		};
		8BFE11A81CF2748D005A8251 /* Tests */ = {
			isa = PBXNativeTarget;
			buildConfigurationList = 8BFE11B31CF2748D005A8251 /* Build configuration list for PBXNativeTarget "Tests" */;
			buildPhases = (
				4FC43537EE7B2AFABF21D443 /* 📦 Check Pods Manifest.lock */,
				8BFE11A51CF2748D005A8251 /* Sources */,
				8BFE11A61CF2748D005A8251 /* Frameworks */,
				8BFE11A71CF2748D005A8251 /* Resources */,
				0D888C8CD80464ED1E599805 /* 📦 Copy Pods Resources */,
			);
			buildRules = (
			);
			dependencies = (
				8BFE11AF1CF2748D005A8251 /* PBXTargetDependency */,
			);
			name = Tests;
			productName = Tests;
			productReference = 8BFE11A91CF2748D005A8251 /* Tests.xctest */;
			productType = "com.apple.product-type.bundle.ui-testing";
		};
/* End PBXNativeTarget section */

/* Begin PBXProject section */
		8B7432F51CD73AF4004A297A /* Project object */ = {
			isa = PBXProject;
			attributes = {
				LastSwiftUpdateCheck = 0730;
				LastUpgradeCheck = 0730;
				ORGANIZATIONNAME = "Lasha Efremidze";
				TargetAttributes = {
					8B7432FC1CD73AF4004A297A = {
						CreatedOnToolsVersion = 7.3;
					};
					8BFE11A81CF2748D005A8251 = {
						CreatedOnToolsVersion = 7.3.1;
						TestTargetID = 8B7432FC1CD73AF4004A297A;
					};
				};
			};
			buildConfigurationList = 8B7432F81CD73AF4004A297A /* Build configuration list for PBXProject "Example" */;
			compatibilityVersion = "Xcode 3.2";
			developmentRegion = English;
			hasScannedForEncodings = 0;
			knownRegions = (
				en,
				Base,
			);
			mainGroup = 8B7432F41CD73AF4004A297A;
			productRefGroup = 8B7432FE1CD73AF4004A297A /* Products */;
			projectDirPath = "";
			projectRoot = "";
			targets = (
				8B7432FC1CD73AF4004A297A /* Example */,
				8BFE11A81CF2748D005A8251 /* Tests */,
			);
		};
/* End PBXProject section */

/* Begin PBXResourcesBuildPhase section */
		8B7432FB1CD73AF4004A297A /* Resources */ = {
			isa = PBXResourcesBuildPhase;
			buildActionMask = 2147483647;
			files = (
				8B74330B1CD73AF4004A297A /* LaunchScreen.storyboard in Resources */,
				8B7433081CD73AF4004A297A /* Assets.xcassets in Resources */,
				8B910B591CF275F700033655 /* LICENSE in Resources */,
				8B7433061CD73AF4004A297A /* Main.storyboard in Resources */,
				8B910B5A1CF275F700033655 /* NumPad.podspec in Resources */,
			);
			runOnlyForDeploymentPostprocessing = 0;
		};
		8BFE11A71CF2748D005A8251 /* Resources */ = {
			isa = PBXResourcesBuildPhase;
			buildActionMask = 2147483647;
			files = (
			);
			runOnlyForDeploymentPostprocessing = 0;
		};
/* End PBXResourcesBuildPhase section */

/* Begin PBXShellScriptBuildPhase section */
		0D888C8CD80464ED1E599805 /* 📦 Copy Pods Resources */ = {
			isa = PBXShellScriptBuildPhase;
			buildActionMask = 2147483647;
			files = (
			);
			inputPaths = (
			);
			name = "📦 Copy Pods Resources";
			outputPaths = (
			);
			runOnlyForDeploymentPostprocessing = 0;
			shellPath = /bin/sh;
			shellScript = "\"${SRCROOT}/Pods/Target Support Files/Pods-Tests/Pods-Tests-resources.sh\"\n";
			showEnvVarsInLog = 0;
		};
		489E4FAB2B978E2341E7C106 /* 📦 Check Pods Manifest.lock */ = {
			isa = PBXShellScriptBuildPhase;
			buildActionMask = 2147483647;
			files = (
			);
			inputPaths = (
			);
			name = "📦 Check Pods Manifest.lock";
			outputPaths = (
			);
			runOnlyForDeploymentPostprocessing = 0;
			shellPath = /bin/sh;
			shellScript = "diff \"${PODS_ROOT}/../Podfile.lock\" \"${PODS_ROOT}/Manifest.lock\" > /dev/null\nif [[ $? != 0 ]] ; then\n    cat << EOM\nerror: The sandbox is not in sync with the Podfile.lock. Run 'pod install' or update your CocoaPods installation.\nEOM\n    exit 1\nfi\n";
			showEnvVarsInLog = 0;
		};
		4FC43537EE7B2AFABF21D443 /* 📦 Check Pods Manifest.lock */ = {
			isa = PBXShellScriptBuildPhase;
			buildActionMask = 2147483647;
			files = (
			);
			inputPaths = (
			);
			name = "📦 Check Pods Manifest.lock";
			outputPaths = (
			);
			runOnlyForDeploymentPostprocessing = 0;
			shellPath = /bin/sh;
			shellScript = "diff \"${PODS_ROOT}/../Podfile.lock\" \"${PODS_ROOT}/Manifest.lock\" > /dev/null\nif [[ $? != 0 ]] ; then\n    cat << EOM\nerror: The sandbox is not in sync with the Podfile.lock. Run 'pod install' or update your CocoaPods installation.\nEOM\n    exit 1\nfi\n";
			showEnvVarsInLog = 0;
		};
		53C3F4E10FA78C54AAE8A117 /* 📦 Copy Pods Resources */ = {
			isa = PBXShellScriptBuildPhase;
			buildActionMask = 2147483647;
			files = (
			);
			inputPaths = (
			);
			name = "📦 Copy Pods Resources";
			outputPaths = (
			);
			runOnlyForDeploymentPostprocessing = 0;
			shellPath = /bin/sh;
			shellScript = "\"${SRCROOT}/Pods/Target Support Files/Pods-Example/Pods-Example-resources.sh\"\n";
			showEnvVarsInLog = 0;
		};
		E58E67B269B6912D5E6DA963 /* 📦 Embed Pods Frameworks */ = {
			isa = PBXShellScriptBuildPhase;
			buildActionMask = 2147483647;
			files = (
			);
			inputPaths = (
			);
			name = "📦 Embed Pods Frameworks";
			outputPaths = (
			);
			runOnlyForDeploymentPostprocessing = 0;
			shellPath = /bin/sh;
			shellScript = "\"${SRCROOT}/Pods/Target Support Files/Pods-Example/Pods-Example-frameworks.sh\"\n";
			showEnvVarsInLog = 0;
		};
/* End PBXShellScriptBuildPhase section */

/* Begin PBXSourcesBuildPhase section */
		8B7432F91CD73AF4004A297A /* Sources */ = {
			isa = PBXSourcesBuildPhase;
			buildActionMask = 2147483647;
			files = (
				8BFFB3F81CF6D69C00364587 /* README.md in Sources */,
				8B7433031CD73AF4004A297A /* ViewController.swift in Sources */,
				8B7433011CD73AF4004A297A /* AppDelegate.swift in Sources */,
			);
			runOnlyForDeploymentPostprocessing = 0;
		};
		8BFE11A51CF2748D005A8251 /* Sources */ = {
			isa = PBXSourcesBuildPhase;
			buildActionMask = 2147483647;
			files = (
				8BFE11AC1CF2748D005A8251 /* Tests.swift in Sources */,
			);
			runOnlyForDeploymentPostprocessing = 0;
		};
/* End PBXSourcesBuildPhase section */

/* Begin PBXTargetDependency section */
		8BFE11AF1CF2748D005A8251 /* PBXTargetDependency */ = {
			isa = PBXTargetDependency;
			target = 8B7432FC1CD73AF4004A297A /* Example */;
			targetProxy = 8BFE11AE1CF2748D005A8251 /* PBXContainerItemProxy */;
		};
/* End PBXTargetDependency section */

/* Begin PBXVariantGroup section */
		8B7433041CD73AF4004A297A /* Main.storyboard */ = {
			isa = PBXVariantGroup;
			children = (
				8B7433051CD73AF4004A297A /* Base */,
			);
			name = Main.storyboard;
			sourceTree = "<group>";
		};
		8B7433091CD73AF4004A297A /* LaunchScreen.storyboard */ = {
			isa = PBXVariantGroup;
			children = (
				8B74330A1CD73AF4004A297A /* Base */,
			);
			name = LaunchScreen.storyboard;
			sourceTree = "<group>";
		};
/* End PBXVariantGroup section */

/* Begin XCBuildConfiguration section */
		8B74330D1CD73AF4004A297A /* Debug */ = {
			isa = XCBuildConfiguration;
			buildSettings = {
				ALWAYS_SEARCH_USER_PATHS = NO;
				CLANG_ANALYZER_NONNULL = YES;
				CLANG_CXX_LANGUAGE_STANDARD = "gnu++0x";
				CLANG_CXX_LIBRARY = "libc++";
				CLANG_ENABLE_MODULES = YES;
				CLANG_ENABLE_OBJC_ARC = YES;
				CLANG_WARN_BOOL_CONVERSION = YES;
				CLANG_WARN_CONSTANT_CONVERSION = YES;
				CLANG_WARN_DIRECT_OBJC_ISA_USAGE = YES_ERROR;
				CLANG_WARN_EMPTY_BODY = YES;
				CLANG_WARN_ENUM_CONVERSION = YES;
				CLANG_WARN_INT_CONVERSION = YES;
				CLANG_WARN_OBJC_ROOT_CLASS = YES_ERROR;
				CLANG_WARN_UNREACHABLE_CODE = YES;
				CLANG_WARN__DUPLICATE_METHOD_MATCH = YES;
				"CODE_SIGN_IDENTITY[sdk=iphoneos*]" = "iPhone Developer";
				COPY_PHASE_STRIP = NO;
				DEBUG_INFORMATION_FORMAT = dwarf;
				ENABLE_STRICT_OBJC_MSGSEND = YES;
				ENABLE_TESTABILITY = YES;
				GCC_C_LANGUAGE_STANDARD = gnu99;
				GCC_DYNAMIC_NO_PIC = NO;
				GCC_NO_COMMON_BLOCKS = YES;
				GCC_OPTIMIZATION_LEVEL = 0;
				GCC_PREPROCESSOR_DEFINITIONS = (
					"DEBUG=1",
					"$(inherited)",
				);
				GCC_WARN_64_TO_32_BIT_CONVERSION = YES;
				GCC_WARN_ABOUT_RETURN_TYPE = YES_ERROR;
				GCC_WARN_UNDECLARED_SELECTOR = YES;
				GCC_WARN_UNINITIALIZED_AUTOS = YES_AGGRESSIVE;
				GCC_WARN_UNUSED_FUNCTION = YES;
				GCC_WARN_UNUSED_VARIABLE = YES;
				IPHONEOS_DEPLOYMENT_TARGET = 9.3;
				MTL_ENABLE_DEBUG_INFO = YES;
				ONLY_ACTIVE_ARCH = YES;
				SDKROOT = iphoneos;
				SWIFT_OPTIMIZATION_LEVEL = "-Onone";
				TARGETED_DEVICE_FAMILY = "1,2";
			};
			name = Debug;
		};
		8B74330E1CD73AF4004A297A /* Release */ = {
			isa = XCBuildConfiguration;
			buildSettings = {
				ALWAYS_SEARCH_USER_PATHS = NO;
				CLANG_ANALYZER_NONNULL = YES;
				CLANG_CXX_LANGUAGE_STANDARD = "gnu++0x";
				CLANG_CXX_LIBRARY = "libc++";
				CLANG_ENABLE_MODULES = YES;
				CLANG_ENABLE_OBJC_ARC = YES;
				CLANG_WARN_BOOL_CONVERSION = YES;
				CLANG_WARN_CONSTANT_CONVERSION = YES;
				CLANG_WARN_DIRECT_OBJC_ISA_USAGE = YES_ERROR;
				CLANG_WARN_EMPTY_BODY = YES;
				CLANG_WARN_ENUM_CONVERSION = YES;
				CLANG_WARN_INT_CONVERSION = YES;
				CLANG_WARN_OBJC_ROOT_CLASS = YES_ERROR;
				CLANG_WARN_UNREACHABLE_CODE = YES;
				CLANG_WARN__DUPLICATE_METHOD_MATCH = YES;
				"CODE_SIGN_IDENTITY[sdk=iphoneos*]" = "iPhone Developer";
				COPY_PHASE_STRIP = NO;
				DEBUG_INFORMATION_FORMAT = "dwarf-with-dsym";
				ENABLE_NS_ASSERTIONS = NO;
				ENABLE_STRICT_OBJC_MSGSEND = YES;
				GCC_C_LANGUAGE_STANDARD = gnu99;
				GCC_NO_COMMON_BLOCKS = YES;
				GCC_WARN_64_TO_32_BIT_CONVERSION = YES;
				GCC_WARN_ABOUT_RETURN_TYPE = YES_ERROR;
				GCC_WARN_UNDECLARED_SELECTOR = YES;
				GCC_WARN_UNINITIALIZED_AUTOS = YES_AGGRESSIVE;
				GCC_WARN_UNUSED_FUNCTION = YES;
				GCC_WARN_UNUSED_VARIABLE = YES;
				IPHONEOS_DEPLOYMENT_TARGET = 9.3;
				MTL_ENABLE_DEBUG_INFO = NO;
				SDKROOT = iphoneos;
				TARGETED_DEVICE_FAMILY = "1,2";
				VALIDATE_PRODUCT = YES;
			};
			name = Release;
		};
		8B7433101CD73AF4004A297A /* Debug */ = {
			isa = XCBuildConfiguration;
			baseConfigurationReference = 31D25BD3346F359E8B0C12CA /* Pods-Example.debug.xcconfig */;
			buildSettings = {
				ASSETCATALOG_COMPILER_APPICON_NAME = AppIcon;
				INFOPLIST_FILE = Example/Info.plist;
				LD_RUNPATH_SEARCH_PATHS = "$(inherited) @executable_path/Frameworks";
				PRODUCT_BUNDLE_IDENTIFIER = com.efremidze.Example;
				PRODUCT_NAME = "$(TARGET_NAME)";
			};
			name = Debug;
		};
		8B7433111CD73AF4004A297A /* Release */ = {
			isa = XCBuildConfiguration;
			baseConfigurationReference = 320DA15B0EAA6AF3933A565D /* Pods-Example.release.xcconfig */;
			buildSettings = {
				ASSETCATALOG_COMPILER_APPICON_NAME = AppIcon;
				INFOPLIST_FILE = Example/Info.plist;
				LD_RUNPATH_SEARCH_PATHS = "$(inherited) @executable_path/Frameworks";
				PRODUCT_BUNDLE_IDENTIFIER = com.efremidze.Example;
				PRODUCT_NAME = "$(TARGET_NAME)";
			};
			name = Release;
		};
		8BFE11B01CF2748D005A8251 /* Debug */ = {
			isa = XCBuildConfiguration;
			baseConfigurationReference = 599193BBBA39BB89265EE4D7 /* Pods-Tests.debug.xcconfig */;
			buildSettings = {
				INFOPLIST_FILE = Tests/Info.plist;
				LD_RUNPATH_SEARCH_PATHS = "$(inherited) @executable_path/Frameworks @loader_path/Frameworks";
				PRODUCT_BUNDLE_IDENTIFIER = com.efremidze.Tests;
				PRODUCT_NAME = "$(TARGET_NAME)";
				TEST_TARGET_NAME = Example;
			};
			name = Debug;
		};
		8BFE11B11CF2748D005A8251 /* Release */ = {
			isa = XCBuildConfiguration;
			baseConfigurationReference = 95DA9F27BD494D47FF4FA10F /* Pods-Tests.release.xcconfig */;
			buildSettings = {
				INFOPLIST_FILE = Tests/Info.plist;
				LD_RUNPATH_SEARCH_PATHS = "$(inherited) @executable_path/Frameworks @loader_path/Frameworks";
				PRODUCT_BUNDLE_IDENTIFIER = com.efremidze.Tests;
				PRODUCT_NAME = "$(TARGET_NAME)";
				TEST_TARGET_NAME = Example;
			};
			name = Release;
		};
/* End XCBuildConfiguration section */

/* Begin XCConfigurationList section */
		8B7432F81CD73AF4004A297A /* Build configuration list for PBXProject "Example" */ = {
			isa = XCConfigurationList;
			buildConfigurations = (
				8B74330D1CD73AF4004A297A /* Debug */,
				8B74330E1CD73AF4004A297A /* Release */,
			);
			defaultConfigurationIsVisible = 0;
			defaultConfigurationName = Release;
		};
		8B74330F1CD73AF4004A297A /* Build configuration list for PBXNativeTarget "Example" */ = {
			isa = XCConfigurationList;
			buildConfigurations = (
				8B7433101CD73AF4004A297A /* Debug */,
				8B7433111CD73AF4004A297A /* Release */,
			);
			defaultConfigurationIsVisible = 0;
			defaultConfigurationName = Release;
		};
		8BFE11B31CF2748D005A8251 /* Build configuration list for PBXNativeTarget "Tests" */ = {
			isa = XCConfigurationList;
			buildConfigurations = (
				8BFE11B01CF2748D005A8251 /* Debug */,
				8BFE11B11CF2748D005A8251 /* Release */,
			);
			defaultConfigurationIsVisible = 0;
			defaultConfigurationName = Release;
		};
/* End XCConfigurationList section */
	};
	rootObject = 8B7432F51CD73AF4004A297A /* Project object */;
}
